{
  "nodes": {
    "home-manager": {
      "inputs": {
        "nixpkgs": "nixpkgs"
      },
      "locked": {
        "lastModified": 1783689750,
        "narHash": "sha256-iMO/Ypany7DPXD6D7sQgH7METtEUihnOvdb+A9ehn8k=",
        "owner": "nix-community",
        "repo": "home-manager",
        "rev": "79e6082586b3680ff32c8e75127545058f074fa4",
        "type": "github"
      },
      "original": {
        "id": "home-manager",
        "type": "indirect"
      }
    },
    "nixpkgs": {
      "locked": {
        "lastModified": 1782948114,
        "narHash": "sha256-AXmz9ho4Lud5CsbrZsuSVwpQZ4o5FgZ1chxBn5cJ8+0=",
        "owner": "NixOS",
        "repo": "nixpkgs",
        "rev": "9e92285f211dad236540fd617d7e30e0b99bc0e1",
        "type": "github"
      },
      "original": {
        "owner": "NixOS",
        "ref": "nixpkgs-unstable",
        "repo": "nixpkgs",
        "type": "github"
      }
    },
    "nixpkgs-ab0c": {
      "locked": {
        "lastModified": 1741646908,
        "narHash": "sha256-55a1x5k+oFY2QCFjj7Mn5nPa8Do0shVl0m280mOAW/Q=",
        "owner": "NixOS",
        "repo": "nixpkgs",
        "rev": "ab0c5b18dab5e4b5d06ed679f8fd7cdc9970c4be",
        "type": "github"
      },
      "original": {
        "owner": "NixOS",
        "repo": "nixpkgs",
        "rev": "ab0c5b18dab5e4b5d06ed679f8fd7cdc9970c4be",
        "type": "github"
      }
    },
    "nixpkgs_2": {
      "locked": {
        "lastModified": 1778869304,
        "narHash": "sha256-30sZNZoA1cqF5JNO9fVX+wgiQYjB7HJqqJ4ztCDeBZE=",
        "owner": "NixOS",
        "repo": "nixpkgs",
        "rev": "d233902339c02a9c334e7e593de68855ad26c4cb",
        "type": "github"
      },
      "original": {
        "owner": "NixOS",
        "ref": "nixos-unstable",
        "repo": "nixpkgs",
        "type": "github"
      }
    },
    "root": {
      "inputs": {
        "home-manager": "home-manager",
        "nixpkgs": "nixpkgs_2",
        "nixpkgs-ab0c": "nixpkgs-ab0c"
      }
    }
  },
  "root": "root",
  "version": 7
}
